Microsoft Visual Studio Solution File, Format Version 9.00
# Visual Studio 2005
Project("{FAE04EC0-301F-11D3-BF4B-00C04F79EFBC}") = "PictureValidation", "PictureValidation.csproj", "{2FFD2FF9-1EFB-4DD2-BDDD-4BE33F2C87CD}"
	ProjectSection(WebsiteProperties) = preProject
		Debug.AspNetCompiler.Debug = "True"
		Release.AspNetCompiler.Debug = "False"
	EndProjectSection
EndProject
Global
	GlobalSection(SolutionConfigurationPlatforms) = preSolution
		Debug|Any CPU = Debug|Any CPU
		Release|Any CPU = Release|Any CPU
	EndGlobalSection
	GlobalSection(ProjectConfigurationPlatforms) = postSolution
		{2FFD2FF9-1EFB-4DD2-BDDD-4BE33F2C87CD}.Debug|Any CPU.ActiveCfg = Debug|Any CPU
		{2FFD2FF9-1EFB-4DD2-BDDD-4BE33F2C87CD}.Debug|Any CPU.Build.0 = Debug|Any CPU
		{2FFD2FF9-1EFB-4DD2-BDDD-4BE33F2C87CD}.Release|Any CPU.ActiveCfg = Release|Any CPU
		{2FFD2FF9-1EFB-4DD2-BDDD-4BE33F2C87CD}.Release|Any CPU.Build.0 = Release|Any CPU
	EndGlobalSection
	GlobalSection(SolutionProperties) = preSolution
		HideSolutionNode = FALSE
	EndGlobalSection
EndGlobal
